// !$*UTF8*$!
{
	archiveVersion = 1;
	classes = {
	};
	objectVersion = 46;
	objects = {

/* Begin PBXBuildFile section */
		9BAC18071B86B72200D4C7A7 /* AppDelegate.swift in Sources */ = {isa = PBXBuildFile; fileRef = 9BAC18061B86B72200D4C7A7 /* AppDelegate.swift */; };
		9BAC18091B86B72200D4C7A7 /* ViewController.swift in Sources */ = {isa = PBXBuildFile; fileRef = 9BAC18081B86B72200D4C7A7 /* ViewController.swift */; };
		9BAC180C1B86B72200D4C7A7 /* Main.storyboard in Resources */ = {isa = PBXBuildFile; fileRef = 9BAC180A1B86B72200D4C7A7 /* Main.storyboard */; };
		9BAC180E1B86B72200D4C7A7 /* Images.xcassets in Resources */ = {isa = PBXBuildFile; fileRef = 9BAC180D1B86B72200D4C7A7 /* Images.xcassets */; };
		9BAC18111B86B72200D4C7A7 /* LaunchScreen.xib in Resources */ = {isa = PBXBuildFile; fileRef = 9BAC180F1B86B72200D4C7A7 /* LaunchScreen.xib */; };
		9BAC181D1B86B72200D4C7A7 /* MewMewMoneyBoxTests.swift in Sources */ = {isa = PBXBuildFile; fileRef = 9BAC181C1B86B72200D4C7A7 /* MewMewMoneyBoxTests.swift */; };
/* End PBXBuildFile section */

/* Begin PBXContainerItemProxy section */
		9BAC18171B86B72200D4C7A7 /* PBXContainerItemProxy */ = {
			isa = PBXContainerItemProxy;
			containerPortal = 9BAC17F91B86B72200D4C7A7 /* Project object */;
			proxyType = 1;
			remoteGlobalIDString = 9BAC18001B86B72200D4C7A7;
			remoteInfo = MewMewMoneyBox;
		};
/* End PBXContainerItemProxy section */

/* Begin PBXFileReference section */
		9BAC18011B86B72200D4C7A7 /* MewMewMoneyBox.app */ = {isa = PBXFileReference; explicitFileType = wrapper.application; includeInIndex = 0; path = MewMewMoneyBox.app; sourceTree = BUILT_PRODUCTS_DIR; };
		9BAC18051B86B72200D4C7A7 /* Info.plist */ = {isa = PBXFileReference; lastKnownFileType = text.plist.xml; path = Info.plist; sourceTree = "<group>"; };
		9BAC18061B86B72200D4C7A7 /* AppDelegate.swift */ = {isa = PBXFileReference; lastKnownFileType = sourcecode.swift; path = AppDelegate.swift; sourceTree = "<group>"; };
		9BAC18081B86B72200D4C7A7 /* ViewController.swift */ = {isa = PBXFileReference; lastKnownFileType = sourcecode.swift; path = ViewController.swift; sourceTree = "<group>"; };
		9BAC180B1B86B72200D4C7A7 /* Base */ = {isa = PBXFileReference; lastKnownFileType = file.storyboard; name = Base; path = Base.lproj/Main.storyboard; sourceTree = "<group>"; };
		9BAC180D1B86B72200D4C7A7 /* Images.xcassets */ = {isa = PBXFileReference; lastKnownFileType = folder.assetcatalog; path = Images.xcassets; sourceTree = "<group>"; };
		9BAC18101B86B72200D4C7A7 /* Base */ = {isa = PBXFileReference; lastKnownFileType = file.xib; name = Base; path = Base.lproj/LaunchScreen.xib; sourceTree = "<group>"; };
		9BAC18161B86B72200D4C7A7 /* MewMewMoneyBoxTests.xctest */ = {isa = PBXFileReference; explicitFileType = wrapper.cfbundle; includeInIndex = 0; path = MewMewMoneyBoxTests.xctest; sourceTree = BUILT_PRODUCTS_DIR; };
		9BAC181B1B86B72200D4C7A7 /* Info.plist */ = {isa = PBXFileReference; lastKnownFileType = text.plist.xml; path = Info.plist; sourceTree = "<group>"; };
		9BAC181C1B86B72200D4C7A7 /* MewMewMoneyBoxTests.swift */ = {isa = PBXFileReference; lastKnownFileType = sourcecode.swift; path = MewMewMoneyBoxTests.swift; sourceTree = "<group>"; };
/* End PBXFileReference section */

/* Begin PBXFrameworksBuildPhase section */
		9BAC17FE1B86B72200D4C7A7 /* Frameworks */ = {
			isa = PBXFrameworksBuildPhase;
			buildActionMask = 2147483647;
			files = (
			);
			runOnlyForDeploymentPostprocessing = 0;
		};
		9BAC18131B86B72200D4C7A7 /* Frameworks */ = {
			isa = PBXFrameworksBuildPhase;
			buildActionMask = 2147483647;
			files = (
			);
			runOnlyForDeploymentPostprocessing = 0;
		};
/* End PBXFrameworksBuildPhase section */

/* Begin PBXGroup section */
		9BAC17F81B86B72200D4C7A7 = {
			isa = PBXGroup;
			children = (
				9BAC18031B86B72200D4C7A7 /* MewMewMoneyBox */,
				9BAC18191B86B72200D4C7A7 /* MewMewMoneyBoxTests */,
				9BAC18021B86B72200D4C7A7 /* Products */,
			);
			sourceTree = "<group>";
		};
		9BAC18021B86B72200D4C7A7 /* Products */ = {
			isa = PBXGroup;
			children = (
				9BAC18011B86B72200D4C7A7 /* MewMewMoneyBox.app */,
				9BAC18161B86B72200D4C7A7 /* MewMewMoneyBoxTests.xctest */,
			);
			name = Products;
			sourceTree = "<group>";
		};
		9BAC18031B86B72200D4C7A7 /* MewMewMoneyBox */ = {
			isa = PBXGroup;
			children = (
				9BAC18061B86B72200D4C7A7 /* AppDelegate.swift */,
				9BAC18081B86B72200D4C7A7 /* ViewController.swift */,
				9BAC180A1B86B72200D4C7A7 /* Main.storyboard */,
				9BAC180D1B86B72200D4C7A7 /* Images.xcassets */,
				9BAC180F1B86B72200D4C7A7 /* LaunchScreen.xib */,
				9BAC18041B86B72200D4C7A7 /* Supporting Files */,
			);
			path = MewMewMoneyBox;
			sourceTree = "<group>";
		};
		9BAC18041B86B72200D4C7A7 /* Supporting Files */ = {
			isa = PBXGroup;
			children = (
				9BAC18051B86B72200D4C7A7 /* Info.plist */,
			);
			name = "Supporting Files";
			sourceTree = "<group>";
		};
		9BAC18191B86B72200D4C7A7 /* MewMewMoneyBoxTests */ = {
			isa = PBXGroup;
			children = (
				9BAC181C1B86B72200D4C7A7 /* MewMewMoneyBoxTests.swift */,
				9BAC181A1B86B72200D4C7A7 /* Supporting Files */,
			);
			path = MewMewMoneyBoxTests;
			sourceTree = "<group>";
		};
		9BAC181A1B86B72200D4C7A7 /* Supporting Files */ = {
			isa = PBXGroup;
			children = (
				9BAC181B1B86B72200D4C7A7 /* Info.plist */,
			);
			name = "Supporting Files";
			sourceTree = "<group>";
		};
/* End PBXGroup section */

/* Begin PBXNativeTarget section */
		9BAC18001B86B72200D4C7A7 /* MewMewMoneyBox */ = {
			isa = PBXNativeTarget;
			buildConfigurationList = 9BAC18201B86B72200D4C7A7 /* Build configuration list for PBXNativeTarget "MewMewMoneyBox" */;
			buildPhases = (
				9BAC17FD1B86B72200D4C7A7 /* Sources */,
				9BAC17FE1B86B72200D4C7A7 /* Frameworks */,
				9BAC17FF1B86B72200D4C7A7 /* Resources */,
			);
			buildRules = (
			);
			dependencies = (
			);
			name = MewMewMoneyBox;
			productName = MewMewMoneyBox;
			productReference = 9BAC18011B86B72200D4C7A7 /* MewMewMoneyBox.app */;
			productType = "com.apple.product-type.application";
		};
		9BAC18151B86B72200D4C7A7 /* MewMewMoneyBoxTests */ = {
			isa = PBXNativeTarget;
			buildConfigurationList = 9BAC18231B86B72200D4C7A7 /* Build configuration list for PBXNativeTarget "MewMewMoneyBoxTests" */;
			buildPhases = (
				9BAC18121B86B72200D4C7A7 /* Sources */,
				9BAC18131B86B72200D4C7A7 /* Frameworks */,
				9BAC18141B86B72200D4C7A7 /* Resources */,
			);
			buildRules = (
			);
			dependencies = (
				9BAC18181B86B72200D4C7A7 /* PBXTargetDependency */,
			);
			name = MewMewMoneyBoxTests;
			productName = MewMewMoneyBoxTests;
			productReference = 9BAC18161B86B72200D4C7A7 /* MewMewMoneyBoxTests.xctest */;
			productType = "com.apple.product-type.bundle.unit-test";
		};
/* End PBXNativeTarget section */

/* Begin PBXProject section */
		9BAC17F91B86B72200D4C7A7 /* Project object */ = {
			isa = PBXProject;
			attributes = {
				LastUpgradeCheck = 0640;
				ORGANIZATIONNAME = "极客栈";
				TargetAttributes = {
					9BAC18001B86B72200D4C7A7 = {
						CreatedOnToolsVersion = 6.4;
					};
					9BAC18151B86B72200D4C7A7 = {
						CreatedOnToolsVersion = 6.4;
						TestTargetID = 9BAC18001B86B72200D4C7A7;
					};
				};
			};
			buildConfigurationList = 9BAC17FC1B86B72200D4C7A7 /* Build configuration list for PBXProject "MewMewMoneyBox" */;
			compatibilityVersion = "Xcode 3.2";
			developmentRegion = English;
			hasScannedForEncodings = 0;
			knownRegions = (
				en,
				Base,
			);
			mainGroup = 9BAC17F81B86B72200D4C7A7;
			productRefGroup = 9BAC18021B86B72200D4C7A7 /* Products */;
			projectDirPath = "";
			projectRoot = "";
			targets = (
				9BAC18001B86B72200D4C7A7 /* MewMewMoneyBox */,
				9BAC18151B86B72200D4C7A7 /* MewMewMoneyBoxTests */,
			);
		};
/* End PBXProject section */

/* Begin PBXResourcesBuildPhase section */
		9BAC17FF1B86B72200D4C7A7 /* Resources */ = {
			isa = PBXResourcesBuildPhase;
			buildActionMask = 2147483647;
			files = (
				9BAC180C1B86B72200D4C7A7 /* Main.storyboard in Resources */,
				9BAC18111B86B72200D4C7A7 /* LaunchScreen.xib in Resources */,
				9BAC180E1B86B72200D4C7A7 /* Images.xcassets in Resources */,
			);
			runOnlyForDeploymentPostprocessing = 0;
		};
		9BAC18141B86B72200D4C7A7 /* Resources */ = {
			isa = PBXResourcesBuildPhase;
			buildActionMask = 2147483647;
			files = (
			);
			runOnlyForDeploymentPostprocessing = 0;
		};
/* End PBXResourcesBuildPhase section */

/* Begin PBXSourcesBuildPhase section */
		9BAC17FD1B86B72200D4C7A7 /* Sources */ = {
			isa = PBXSourcesBuildPhase;
			buildActionMask = 2147483647;
			files = (
				9BAC18091B86B72200D4C7A7 /* ViewController.swift in Sources */,
				9BAC18071B86B72200D4C7A7 /* AppDelegate.swift in Sources */,
			);
			runOnlyForDeploymentPostprocessing = 0;
		};
		9BAC18121B86B72200D4C7A7 /* Sources */ = {
			isa = PBXSourcesBuildPhase;
			buildActionMask = 2147483647;
			files = (
				9BAC181D1B86B72200D4C7A7 /* MewMewMoneyBoxTests.swift in Sources */,
			);
			runOnlyForDeploymentPostprocessing = 0;
		};
/* End PBXSourcesBuildPhase section */

/* Begin PBXTargetDependency section */
		9BAC18181B86B72200D4C7A7 /* PBXTargetDependency */ = {
			isa = PBXTargetDependency;
			target = 9BAC18001B86B72200D4C7A7 /* MewMewMoneyBox */;
			targetProxy = 9BAC18171B86B72200D4C7A7 /* PBXContainerItemProxy */;
		};
/* End PBXTargetDependency section */

/* Begin PBXVariantGroup section */
		9BAC180A1B86B72200D4C7A7 /* Main.storyboard */ = {
			isa = PBXVariantGroup;
			children = (
				9BAC180B1B86B72200D4C7A7 /* Base */,
			);
			name = Main.storyboard;
			sourceTree = "<group>";
		};
		9BAC180F1B86B72200D4C7A7 /* LaunchScreen.xib */ = {
			isa = PBXVariantGroup;
			children = (
				9BAC18101B86B72200D4C7A7 /* Base */,
			);
			name = LaunchScreen.xib;
			sourceTree = "<group>";
		};
/* End PBXVariantGroup section */

/* Begin XCBuildConfiguration section */
		9BAC181E1B86B72200D4C7A7 /* Debug */ = {
			isa = XCBuildConfiguration;
			buildSettings = {
				ALWAYS_SEARCH_USER_PATHS = NO;
				CLANG_CXX_LANGUAGE_STANDARD = "gnu++0x";
				CLANG_CXX_LIBRARY = "libc++";
				CLANG_ENABLE_MODULES = YES;
				CLANG_ENABLE_OBJC_ARC = YES;
				CLANG_WARN_BOOL_CONVERSION = YES;
				CLANG_WARN_CONSTANT_CONVERSION = YES;
				CLANG_WARN_DIRECT_OBJC_ISA_USAGE = YES_ERROR;
				CLANG_WARN_EMPTY_BODY = YES;
				CLANG_WARN_ENUM_CONVERSION = YES;
				CLANG_WARN_INT_CONVERSION = YES;
				CLANG_WARN_OBJC_ROOT_CLASS = YES_ERROR;
				CLANG_WARN_UNREACHABLE_CODE = YES;
				CLANG_WARN__DUPLICATE_METHOD_MATCH = YES;
				"CODE_SIGN_IDENTITY[sdk=iphoneos*]" = "iPhone Developer";
				COPY_PHASE_STRIP = NO;
				DEBUG_INFORMATION_FORMAT = "dwarf-with-dsym";
				ENABLE_STRICT_OBJC_MSGSEND = YES;
				GCC_C_LANGUAGE_STANDARD = gnu99;
				GCC_DYNAMIC_NO_PIC = NO;
				GCC_NO_COMMON_BLOCKS = YES;
				GCC_OPTIMIZATION_LEVEL = 0;
				GCC_PREPROCESSOR_DEFINITIONS = (
					"DEBUG=1",
					"$(inherited)",
				);
				GCC_SYMBOLS_PRIVATE_EXTERN = NO;
				GCC_WARN_64_TO_32_BIT_CONVERSION = YES;
				GCC_WARN_ABOUT_RETURN_TYPE = YES_ERROR;
				GCC_WARN_UNDECLARED_SELECTOR = YES;
				GCC_WARN_UNINITIALIZED_AUTOS = YES_AGGRESSIVE;
				GCC_WARN_UNUSED_FUNCTION = YES;
				GCC_WARN_UNUSED_VARIABLE = YES;
				IPHONEOS_DEPLOYMENT_TARGET = 8.4;
				MTL_ENABLE_DEBUG_INFO = YES;
				ONLY_ACTIVE_ARCH = YES;
				SDKROOT = iphoneos;
				SWIFT_OPTIMIZATION_LEVEL = "-Onone";
			};
			name = Debug;
		};
		9BAC181F1B86B72200D4C7A7 /* Release */ = {
			isa = XCBuildConfiguration;
			buildSettings = {
				ALWAYS_SEARCH_USER_PATHS = NO;
				CLANG_CXX_LANGUAGE_STANDARD = "gnu++0x";
				CLANG_CXX_LIBRARY = "libc++";
				CLANG_ENABLE_MODULES = YES;
				CLANG_ENABLE_OBJC_ARC = YES;
				CLANG_WARN_BOOL_CONVERSION = YES;
				CLANG_WARN_CONSTANT_CONVERSION = YES;
				CLANG_WARN_DIRECT_OBJC_ISA_USAGE = YES_ERROR;
				CLANG_WARN_EMPTY_BODY = YES;
				CLANG_WARN_ENUM_CONVERSION = YES;
				CLANG_WARN_INT_CONVERSION = YES;
				CLANG_WARN_OBJC_ROOT_CLASS = YES_ERROR;
				CLANG_WARN_UNREACHABLE_CODE = YES;
				CLANG_WARN__DUPLICATE_METHOD_MATCH = YES;
				"CODE_SIGN_IDENTITY[sdk=iphoneos*]" = "iPhone Developer";
				COPY_PHASE_STRIP = NO;
				DEBUG_INFORMATION_FORMAT = "dwarf-with-dsym";
				ENABLE_NS_ASSERTIONS = NO;
				ENABLE_STRICT_OBJC_MSGSEND = YES;
				GCC_C_LANGUAGE_STANDARD = gnu99;
				GCC_NO_COMMON_BLOCKS = YES;
				GCC_WARN_64_TO_32_BIT_CONVERSION = YES;
				GCC_WARN_ABOUT_RETURN_TYPE = YES_ERROR;
				GCC_WARN_UNDECLARED_SELECTOR = YES;
				GCC_WARN_UNINITIALIZED_AUTOS = YES_AGGRESSIVE;
				GCC_WARN_UNUSED_FUNCTION = YES;
				GCC_WARN_UNUSED_VARIABLE = YES;
				IPHONEOS_DEPLOYMENT_TARGET = 8.4;
				MTL_ENABLE_DEBUG_INFO = NO;
				SDKROOT = iphoneos;
				VALIDATE_PRODUCT = YES;
			};
			name = Release;
		};
		9BAC18211B86B72200D4C7A7 /* Debug */ = {
			isa = XCBuildConfiguration;
			buildSettings = {
				ASSETCATALOG_COMPILER_APPICON_NAME = AppIcon;
				INFOPLIST_FILE = MewMewMoneyBox/Info.plist;
				IPHONEOS_DEPLOYMENT_TARGET = 7.0;
				LD_RUNPATH_SEARCH_PATHS = "$(inherited) @executable_path/Frameworks";
				PRODUCT_NAME = "$(TARGET_NAME)";
			};
			name = Debug;
		};
		9BAC18221B86B72200D4C7A7 /* Release */ = {
			isa = XCBuildConfiguration;
			buildSettings = {
				ASSETCATALOG_COMPILER_APPICON_NAME = AppIcon;
				INFOPLIST_FILE = MewMewMoneyBox/Info.plist;
				IPHONEOS_DEPLOYMENT_TARGET = 7.0;
				LD_RUNPATH_SEARCH_PATHS = "$(inherited) @executable_path/Frameworks";
				PRODUCT_NAME = "$(TARGET_NAME)";
			};
			name = Release;
		};
		9BAC18241B86B72200D4C7A7 /* Debug */ = {
			isa = XCBuildConfiguration;
			buildSettings = {
				BUNDLE_LOADER = "$(TEST_HOST)";
				FRAMEWORK_SEARCH_PATHS = (
					"$(SDKROOT)/Developer/Library/Frameworks",
					"$(inherited)",
				);
				GCC_PREPROCESSOR_DEFINITIONS = (
					"DEBUG=1",
					"$(inherited)",
				);
				INFOPLIST_FILE = MewMewMoneyBoxTests/Info.plist;
				LD_RUNPATH_SEARCH_PATHS = "$(inherited) @executable_path/Frameworks @loader_path/Frameworks";
				PRODUCT_NAME = "$(TARGET_NAME)";
				TEST_HOST = "$(BUILT_PRODUCTS_DIR)/MewMewMoneyBox.app/MewMewMoneyBox";
			};
			name = Debug;
		};
		9BAC18251B86B72200D4C7A7 /* Release */ = {
			isa = XCBuildConfiguration;
			buildSettings = {
				BUNDLE_LOADER = "$(TEST_HOST)";
				FRAMEWORK_SEARCH_PATHS = (
					"$(SDKROOT)/Developer/Library/Frameworks",
					"$(inherited)",
				);
				INFOPLIST_FILE = MewMewMoneyBoxTests/Info.plist;
				LD_RUNPATH_SEARCH_PATHS = "$(inherited) @executable_path/Frameworks @loader_path/Frameworks";
				PRODUCT_NAME = "$(TARGET_NAME)";
				TEST_HOST = "$(BUILT_PRODUCTS_DIR)/MewMewMoneyBox.app/MewMewMoneyBox";
			};
			name = Release;
		};
/* End XCBuildConfiguration section */

/* Begin XCConfigurationList section */
		9BAC17FC1B86B72200D4C7A7 /* Build configuration list for PBXProject "MewMewMoneyBox" */ = {
			isa = XCConfigurationList;
			buildConfigurations = (
				9BAC181E1B86B72200D4C7A7 /* Debug */,
				9BAC181F1B86B72200D4C7A7 /* Release */,
			);
			defaultConfigurationIsVisible = 0;
			defaultConfigurationName = Release;
		};
		9BAC18201B86B72200D4C7A7 /* Build configuration list for PBXNativeTarget "MewMewMoneyBox" */ = {
			isa = XCConfigurationList;
			buildConfigurations = (
				9BAC18211B86B72200D4C7A7 /* Debug */,
				9BAC18221B86B72200D4C7A7 /* Release */,
			);
			defaultConfigurationIsVisible = 0;
		};
		9BAC18231B86B72200D4C7A7 /* Build configuration list for PBXNativeTarget "MewMewMoneyBoxTests" */ = {
			isa = XCConfigurationList;
			buildConfigurations = (
				9BAC18241B86B72200D4C7A7 /* Debug */,
				9BAC18251B86B72200D4C7A7 /* Release */,
			);
			defaultConfigurationIsVisible = 0;
		};
/* End XCConfigurationList section */
	};
	rootObject = 9BAC17F91B86B72200D4C7A7 /* Project object */;
}
